
Microsoft Visual Studio Solution File, Format Version 12.00
# Visual Studio Version 17
VisualStudioVersion = 17.0.32126.317
MinimumVisualStudioVersion = 10.0.40219.1
Project("{9A19103F-16F7-4668-BE54-9A1E7A4F7556}") = "BinarySearch", "BinarySearch\BinarySearch.csproj", "{956941B6-2A59-4521-83D0-11AD2B97016A}"
EndProject
Project("{9A19103F-16F7-4668-BE54-9A1E7A4F7556}") = "SelectionSort", "SelectionSort\SelectionSort.csproj", "{A94AAF8D-96AF-4B1A-A91B-96A3C660B53A}"
EndProject
Project("{9A19103F-16F7-4668-BE54-9A1E7A4F7556}") = "Recursion", "Recursion\Recursion.csproj", "{E7F30509-3C95-4FD3-8514-30F38357202C}"
EndProject
Project("{9A19103F-16F7-4668-BE54-9A1E7A4F7556}") = "DivideAndConquer", "DivideAndConquer\DivideAndConquer.csproj", "{E8F87104-36DD-41D3-BBD7-91C6D2BE1450}"
EndProject
Project("{9A19103F-16F7-4668-BE54-9A1E7A4F7556}") = "Quicksort", "Quicksort\Quicksort.csproj", "{9602B92B-2B40-4EF4-875F-FCDC9D1AFCF5}"
EndProject
Project("{9A19103F-16F7-4668-BE54-9A1E7A4F7556}") = "ArrayHelpersLibrary", "..\ArrayHelperMethods\ArrayHelperMethods\ArrayHelpersLibrary.csproj", "{74748F06-8B68-468A-BF22-F5C74E9F95E6}"
EndProject
Project("{9A19103F-16F7-4668-BE54-9A1E7A4F7556}") = "HashTables", "HashTables\HashTables.csproj", "{00EBBD93-640B-41E9-AFE0-7999B4D8A050}"
EndProject
Project("{9A19103F-16F7-4668-BE54-9A1E7A4F7556}") = "Graphs", "Graphs\Graphs.csproj", "{B17B3F6F-3FA3-405B-8B82-280CFE37321A}"
EndProject
Project("{9A19103F-16F7-4668-BE54-9A1E7A4F7556}") = "Arrays", "Arrays\Arrays.csproj", "{4E37660B-A152-4AF9-9F44-E2E331B17F25}"
EndProject
Project("{9A19103F-16F7-4668-BE54-9A1E7A4F7556}") = "LinkedLists", "LinkedLists\LinkedLists.csproj", "{63C6F639-7AC9-4C5D-ABFA-53D27C2B5C36}"
EndProject
Project("{2150E333-8FDC-42A3-9474-1A3956D46DE8}") = "DataStructures", "DataStructures", "{3BF07A98-D208-4519-B8BA-5334B78E4879}"
EndProject
Project("{2150E333-8FDC-42A3-9474-1A3956D46DE8}") = "Algorithms", "Algorithms", "{DE6EBB5E-42E1-4F8D-A98E-AFCED15EA613}"
EndProject
Project("{9A19103F-16F7-4668-BE54-9A1E7A4F7556}") = "Queue", "Queue\Queue.csproj", "{27357413-4922-4351-8CFC-05C730CB473C}"
EndProject
Project("{9A19103F-16F7-4668-BE54-9A1E7A4F7556}") = "Stack", "Stack\Stack.csproj", "{84FEC179-7757-4E4A-8D3A-896E749FA0EA}"
EndProject
Project("{9A19103F-16F7-4668-BE54-9A1E7A4F7556}") = "BreadthFirstSearch", "BreadthFirstSearch\BreadthFirstSearch.csproj", "{055CBBA5-B0D3-49FD-94B4-A198613A9EFE}"
EndProject
Project("{9A19103F-16F7-4668-BE54-9A1E7A4F7556}") = "WeightedGraph", "WeightedGraph\WeightedGraph.csproj", "{83D3A57C-2682-4EDE-A2FC-7B97C4160144}"
EndProject
Project("{9A19103F-16F7-4668-BE54-9A1E7A4F7556}") = "BinarySearchRecursive", "BinarySearchRecursive\BinarySearchRecursive.csproj", "{BAD613A3-860B-48BA-9A69-82CE8DEF25E9}"
EndProject
Project("{2150E333-8FDC-42A3-9474-1A3956D46DE8}") = "Questions", "Questions", "{88AFE847-316C-4E2B-B7F5-74BB58B87C51}"
EndProject
Project("{9A19103F-16F7-4668-BE54-9A1E7A4F7556}") = "TwoNumberSum", "TwoNumberSum\TwoNumberSum.csproj", "{6814AB99-BD8D-41F4-9ECA-532357B3647B}"
EndProject
Project("{9A19103F-16F7-4668-BE54-9A1E7A4F7556}") = "HashSet", "HashSet\HashSet.csproj", "{45D4F86B-BD78-420D-B64A-C2971E8A218B}"
EndProject
Project("{2150E333-8FDC-42A3-9474-1A3956D46DE8}") = "Arrays", "Arrays", "{A2F2C9FB-B2F4-4B5C-A0F5-F8E71102D31D}"
EndProject
Project("{9A19103F-16F7-4668-BE54-9A1E7A4F7556}") = "ValidateSubsequence", "ValidateSubsequence\ValidateSubsequence.csproj", "{5D8A923F-D7AE-425B-8142-BC873098B6C7}"
EndProject
Project("{FAE04EC0-301F-11D3-BF4B-00C04F79EFBC}") = "SortedSquaredArray", "SortedSquaredArray\SortedSquaredArray.csproj", "{DBBC0D6D-124A-4760-A8EC-F92BB0022EFE}"
EndProject
Global
	GlobalSection(SolutionConfigurationPlatforms) = preSolution
		Debug|Any CPU = Debug|Any CPU
		Release|Any CPU = Release|Any CPU
	EndGlobalSection
	GlobalSection(ProjectConfigurationPlatforms) = postSolution
		{956941B6-2A59-4521-83D0-11AD2B97016A}.Debug|Any CPU.ActiveCfg = Debug|Any CPU
		{956941B6-2A59-4521-83D0-11AD2B97016A}.Debug|Any CPU.Build.0 = Debug|Any CPU
		{956941B6-2A59-4521-83D0-11AD2B97016A}.Release|Any CPU.ActiveCfg = Release|Any CPU
		{956941B6-2A59-4521-83D0-11AD2B97016A}.Release|Any CPU.Build.0 = Release|Any CPU
		{A94AAF8D-96AF-4B1A-A91B-96A3C660B53A}.Debug|Any CPU.ActiveCfg = Debug|Any CPU
		{A94AAF8D-96AF-4B1A-A91B-96A3C660B53A}.Debug|Any CPU.Build.0 = Debug|Any CPU
		{A94AAF8D-96AF-4B1A-A91B-96A3C660B53A}.Release|Any CPU.ActiveCfg = Release|Any CPU
		{A94AAF8D-96AF-4B1A-A91B-96A3C660B53A}.Release|Any CPU.Build.0 = Release|Any CPU
		{E7F30509-3C95-4FD3-8514-30F38357202C}.Debug|Any CPU.ActiveCfg = Debug|Any CPU
		{E7F30509-3C95-4FD3-8514-30F38357202C}.Debug|Any CPU.Build.0 = Debug|Any CPU
		{E7F30509-3C95-4FD3-8514-30F38357202C}.Release|Any CPU.ActiveCfg = Release|Any CPU
		{E7F30509-3C95-4FD3-8514-30F38357202C}.Release|Any CPU.Build.0 = Release|Any CPU
		{E8F87104-36DD-41D3-BBD7-91C6D2BE1450}.Debug|Any CPU.ActiveCfg = Debug|Any CPU
		{E8F87104-36DD-41D3-BBD7-91C6D2BE1450}.Debug|Any CPU.Build.0 = Debug|Any CPU
		{E8F87104-36DD-41D3-BBD7-91C6D2BE1450}.Release|Any CPU.ActiveCfg = Release|Any CPU
		{E8F87104-36DD-41D3-BBD7-91C6D2BE1450}.Release|Any CPU.Build.0 = Release|Any CPU
		{9602B92B-2B40-4EF4-875F-FCDC9D1AFCF5}.Debug|Any CPU.ActiveCfg = Debug|Any CPU
		{9602B92B-2B40-4EF4-875F-FCDC9D1AFCF5}.Debug|Any CPU.Build.0 = Debug|Any CPU
		{9602B92B-2B40-4EF4-875F-FCDC9D1AFCF5}.Release|Any CPU.ActiveCfg = Release|Any CPU
		{9602B92B-2B40-4EF4-875F-FCDC9D1AFCF5}.Release|Any CPU.Build.0 = Release|Any CPU
		{74748F06-8B68-468A-BF22-F5C74E9F95E6}.Debug|Any CPU.ActiveCfg = Debug|Any CPU
		{74748F06-8B68-468A-BF22-F5C74E9F95E6}.Debug|Any CPU.Build.0 = Debug|Any CPU
		{74748F06-8B68-468A-BF22-F5C74E9F95E6}.Release|Any CPU.ActiveCfg = Release|Any CPU
		{74748F06-8B68-468A-BF22-F5C74E9F95E6}.Release|Any CPU.Build.0 = Release|Any CPU
		{00EBBD93-640B-41E9-AFE0-7999B4D8A050}.Debug|Any CPU.ActiveCfg = Debug|Any CPU
		{00EBBD93-640B-41E9-AFE0-7999B4D8A050}.Debug|Any CPU.Build.0 = Debug|Any CPU
		{00EBBD93-640B-41E9-AFE0-7999B4D8A050}.Release|Any CPU.ActiveCfg = Release|Any CPU
		{00EBBD93-640B-41E9-AFE0-7999B4D8A050}.Release|Any CPU.Build.0 = Release|Any CPU
		{B17B3F6F-3FA3-405B-8B82-280CFE37321A}.Debug|Any CPU.ActiveCfg = Debug|Any CPU
		{B17B3F6F-3FA3-405B-8B82-280CFE37321A}.Debug|Any CPU.Build.0 = Debug|Any CPU
		{B17B3F6F-3FA3-405B-8B82-280CFE37321A}.Release|Any CPU.ActiveCfg = Release|Any CPU
		{B17B3F6F-3FA3-405B-8B82-280CFE37321A}.Release|Any CPU.Build.0 = Release|Any CPU
		{4E37660B-A152-4AF9-9F44-E2E331B17F25}.Debug|Any CPU.ActiveCfg = Debug|Any CPU
		{4E37660B-A152-4AF9-9F44-E2E331B17F25}.Debug|Any CPU.Build.0 = Debug|Any CPU
		{4E37660B-A152-4AF9-9F44-E2E331B17F25}.Release|Any CPU.ActiveCfg = Release|Any CPU
		{4E37660B-A152-4AF9-9F44-E2E331B17F25}.Release|Any CPU.Build.0 = Release|Any CPU
		{63C6F639-7AC9-4C5D-ABFA-53D27C2B5C36}.Debug|Any CPU.ActiveCfg = Debug|Any CPU
		{63C6F639-7AC9-4C5D-ABFA-53D27C2B5C36}.Debug|Any CPU.Build.0 = Debug|Any CPU
		{63C6F639-7AC9-4C5D-ABFA-53D27C2B5C36}.Release|Any CPU.ActiveCfg = Release|Any CPU
		{63C6F639-7AC9-4C5D-ABFA-53D27C2B5C36}.Release|Any CPU.Build.0 = Release|Any CPU
		{27357413-4922-4351-8CFC-05C730CB473C}.Debug|Any CPU.ActiveCfg = Debug|Any CPU
		{27357413-4922-4351-8CFC-05C730CB473C}.Debug|Any CPU.Build.0 = Debug|Any CPU
		{27357413-4922-4351-8CFC-05C730CB473C}.Release|Any CPU.ActiveCfg = Release|Any CPU
		{27357413-4922-4351-8CFC-05C730CB473C}.Release|Any CPU.Build.0 = Release|Any CPU
		{84FEC179-7757-4E4A-8D3A-896E749FA0EA}.Debug|Any CPU.ActiveCfg = Debug|Any CPU
		{84FEC179-7757-4E4A-8D3A-896E749FA0EA}.Debug|Any CPU.Build.0 = Debug|Any CPU
		{84FEC179-7757-4E4A-8D3A-896E749FA0EA}.Release|Any CPU.ActiveCfg = Release|Any CPU
		{84FEC179-7757-4E4A-8D3A-896E749FA0EA}.Release|Any CPU.Build.0 = Release|Any CPU
		{055CBBA5-B0D3-49FD-94B4-A198613A9EFE}.Debug|Any CPU.ActiveCfg = Debug|Any CPU
		{055CBBA5-B0D3-49FD-94B4-A198613A9EFE}.Debug|Any CPU.Build.0 = Debug|Any CPU
		{055CBBA5-B0D3-49FD-94B4-A198613A9EFE}.Release|Any CPU.ActiveCfg = Release|Any CPU
		{055CBBA5-B0D3-49FD-94B4-A198613A9EFE}.Release|Any CPU.Build.0 = Release|Any CPU
		{83D3A57C-2682-4EDE-A2FC-7B97C4160144}.Debug|Any CPU.ActiveCfg = Debug|Any CPU
		{83D3A57C-2682-4EDE-A2FC-7B97C4160144}.Debug|Any CPU.Build.0 = Debug|Any CPU
		{83D3A57C-2682-4EDE-A2FC-7B97C4160144}.Release|Any CPU.ActiveCfg = Release|Any CPU
		{83D3A57C-2682-4EDE-A2FC-7B97C4160144}.Release|Any CPU.Build.0 = Release|Any CPU
		{BAD613A3-860B-48BA-9A69-82CE8DEF25E9}.Debug|Any CPU.ActiveCfg = Debug|Any CPU
		{BAD613A3-860B-48BA-9A69-82CE8DEF25E9}.Debug|Any CPU.Build.0 = Debug|Any CPU
		{BAD613A3-860B-48BA-9A69-82CE8DEF25E9}.Release|Any CPU.ActiveCfg = Release|Any CPU
		{BAD613A3-860B-48BA-9A69-82CE8DEF25E9}.Release|Any CPU.Build.0 = Release|Any CPU
		{6814AB99-BD8D-41F4-9ECA-532357B3647B}.Debug|Any CPU.ActiveCfg = Debug|Any CPU
		{6814AB99-BD8D-41F4-9ECA-532357B3647B}.Debug|Any CPU.Build.0 = Debug|Any CPU
		{6814AB99-BD8D-41F4-9ECA-532357B3647B}.Release|Any CPU.ActiveCfg = Release|Any CPU
		{6814AB99-BD8D-41F4-9ECA-532357B3647B}.Release|Any CPU.Build.0 = Release|Any CPU
		{45D4F86B-BD78-420D-B64A-C2971E8A218B}.Debug|Any CPU.ActiveCfg = Debug|Any CPU
		{45D4F86B-BD78-420D-B64A-C2971E8A218B}.Debug|Any CPU.Build.0 = Debug|Any CPU
		{45D4F86B-BD78-420D-B64A-C2971E8A218B}.Release|Any CPU.ActiveCfg = Release|Any CPU
		{45D4F86B-BD78-420D-B64A-C2971E8A218B}.Release|Any CPU.Build.0 = Release|Any CPU
		{5D8A923F-D7AE-425B-8142-BC873098B6C7}.Debug|Any CPU.ActiveCfg = Debug|Any CPU
		{5D8A923F-D7AE-425B-8142-BC873098B6C7}.Debug|Any CPU.Build.0 = Debug|Any CPU
		{5D8A923F-D7AE-425B-8142-BC873098B6C7}.Release|Any CPU.ActiveCfg = Release|Any CPU
		{5D8A923F-D7AE-425B-8142-BC873098B6C7}.Release|Any CPU.Build.0 = Release|Any CPU
		{DBBC0D6D-124A-4760-A8EC-F92BB0022EFE}.Debug|Any CPU.ActiveCfg = Debug|Any CPU
		{DBBC0D6D-124A-4760-A8EC-F92BB0022EFE}.Debug|Any CPU.Build.0 = Debug|Any CPU
		{DBBC0D6D-124A-4760-A8EC-F92BB0022EFE}.Release|Any CPU.ActiveCfg = Release|Any CPU
		{DBBC0D6D-124A-4760-A8EC-F92BB0022EFE}.Release|Any CPU.Build.0 = Release|Any CPU
	EndGlobalSection
	GlobalSection(SolutionProperties) = preSolution
		HideSolutionNode = FALSE
	EndGlobalSection
	GlobalSection(NestedProjects) = preSolution
		{956941B6-2A59-4521-83D0-11AD2B97016A} = {DE6EBB5E-42E1-4F8D-A98E-AFCED15EA613}
		{A94AAF8D-96AF-4B1A-A91B-96A3C660B53A} = {DE6EBB5E-42E1-4F8D-A98E-AFCED15EA613}
		{E7F30509-3C95-4FD3-8514-30F38357202C} = {DE6EBB5E-42E1-4F8D-A98E-AFCED15EA613}
		{E8F87104-36DD-41D3-BBD7-91C6D2BE1450} = {DE6EBB5E-42E1-4F8D-A98E-AFCED15EA613}
		{9602B92B-2B40-4EF4-875F-FCDC9D1AFCF5} = {DE6EBB5E-42E1-4F8D-A98E-AFCED15EA613}
		{00EBBD93-640B-41E9-AFE0-7999B4D8A050} = {3BF07A98-D208-4519-B8BA-5334B78E4879}
		{B17B3F6F-3FA3-405B-8B82-280CFE37321A} = {3BF07A98-D208-4519-B8BA-5334B78E4879}
		{4E37660B-A152-4AF9-9F44-E2E331B17F25} = {3BF07A98-D208-4519-B8BA-5334B78E4879}
		{63C6F639-7AC9-4C5D-ABFA-53D27C2B5C36} = {3BF07A98-D208-4519-B8BA-5334B78E4879}
		{27357413-4922-4351-8CFC-05C730CB473C} = {3BF07A98-D208-4519-B8BA-5334B78E4879}
		{84FEC179-7757-4E4A-8D3A-896E749FA0EA} = {3BF07A98-D208-4519-B8BA-5334B78E4879}
		{055CBBA5-B0D3-49FD-94B4-A198613A9EFE} = {DE6EBB5E-42E1-4F8D-A98E-AFCED15EA613}
		{83D3A57C-2682-4EDE-A2FC-7B97C4160144} = {3BF07A98-D208-4519-B8BA-5334B78E4879}
		{BAD613A3-860B-48BA-9A69-82CE8DEF25E9} = {DE6EBB5E-42E1-4F8D-A98E-AFCED15EA613}
		{6814AB99-BD8D-41F4-9ECA-532357B3647B} = {A2F2C9FB-B2F4-4B5C-A0F5-F8E71102D31D}
		{45D4F86B-BD78-420D-B64A-C2971E8A218B} = {3BF07A98-D208-4519-B8BA-5334B78E4879}
		{A2F2C9FB-B2F4-4B5C-A0F5-F8E71102D31D} = {88AFE847-316C-4E2B-B7F5-74BB58B87C51}
		{5D8A923F-D7AE-425B-8142-BC873098B6C7} = {A2F2C9FB-B2F4-4B5C-A0F5-F8E71102D31D}
		{DBBC0D6D-124A-4760-A8EC-F92BB0022EFE} = {A2F2C9FB-B2F4-4B5C-A0F5-F8E71102D31D}
	EndGlobalSection
	GlobalSection(ExtensibilityGlobals) = postSolution
		SolutionGuid = {2A650330-4FD3-44AA-A400-3F4EB21903E4}
	EndGlobalSection
EndGlobal
