
Microsoft Visual Studio Solution File, Format Version 12.00
# Visual Studio Version 17
VisualStudioVersion = 17.0.32126.317
MinimumVisualStudioVersion = 10.0.40219.1
Project("{9A19103F-16F7-4668-BE54-9A1E7A4F7556}") = "BinarySearch", "BinarySearch\BinarySearch.csproj", "{956941B6-2A59-4521-83D0-11AD2B97016A}"
EndProject
Project("{9A19103F-16F7-4668-BE54-9A1E7A4F7556}") = "SelectionSort", "SelectionSort\SelectionSort.csproj", "{A94AAF8D-96AF-4B1A-A91B-96A3C660B53A}"
EndProject
Project("{9A19103F-16F7-4668-BE54-9A1E7A4F7556}") = "Recursion", "Recursion\Recursion.csproj", "{E7F30509-3C95-4FD3-8514-30F38357202C}"
EndProject
Project("{9A19103F-16F7-4668-BE54-9A1E7A4F7556}") = "DivideAndConquer", "DivideAndConquer\DivideAndConquer.csproj", "{E8F87104-36DD-41D3-BBD7-91C6D2BE1450}"
EndProject
Project("{9A19103F-16F7-4668-BE54-9A1E7A4F7556}") = "Quicksort", "Quicksort\Quicksort.csproj", "{9602B92B-2B40-4EF4-875F-FCDC9D1AFCF5}"
EndProject
Project("{9A19103F-16F7-4668-BE54-9A1E7A4F7556}") = "ArrayHelpersLibrary", "..\ArrayHelperMethods\ArrayHelperMethods\ArrayHelpersLibrary.csproj", "{74748F06-8B68-468A-BF22-F5C74E9F95E6}"
EndProject
Project("{FAE04EC0-301F-11D3-BF4B-00C04F79EFBC}") = "HashTables", "HashTables\HashTables.csproj", "{00EBBD93-640B-41E9-AFE0-7999B4D8A050}"
EndProject
Project("{FAE04EC0-301F-11D3-BF4B-00C04F79EFBC}") = "Graphs", "Graphs\Graphs.csproj", "{B17B3F6F-3FA3-405B-8B82-280CFE37321A}"
EndProject
Project("{FAE04EC0-301F-11D3-BF4B-00C04F79EFBC}") = "Arrays", "Arrays\Arrays.csproj", "{4E37660B-A152-4AF9-9F44-E2E331B17F25}"
EndProject
Project("{FAE04EC0-301F-11D3-BF4B-00C04F79EFBC}") = "LinkedLists", "LinkedLists\LinkedLists.csproj", "{63C6F639-7AC9-4C5D-ABFA-53D27C2B5C36}"
EndProject
Project("{2150E333-8FDC-42A3-9474-1A3956D46DE8}") = "DataStructures", "DataStructures", "{3BF07A98-D208-4519-B8BA-5334B78E4879}"
EndProject
Project("{2150E333-8FDC-42A3-9474-1A3956D46DE8}") = "Algorithms", "Algorithms", "{DE6EBB5E-42E1-4F8D-A98E-AFCED15EA613}"
EndProject
Global
	GlobalSection(SolutionConfigurationPlatforms) = preSolution
		Debug|Any CPU = Debug|Any CPU
		Release|Any CPU = Release|Any CPU
	EndGlobalSection
	GlobalSection(ProjectConfigurationPlatforms) = postSolution
		{956941B6-2A59-4521-83D0-11AD2B97016A}.Debug|Any CPU.ActiveCfg = Debug|Any CPU
		{956941B6-2A59-4521-83D0-11AD2B97016A}.Debug|Any CPU.Build.0 = Debug|Any CPU
		{956941B6-2A59-4521-83D0-11AD2B97016A}.Release|Any CPU.ActiveCfg = Release|Any CPU
		{956941B6-2A59-4521-83D0-11AD2B97016A}.Release|Any CPU.Build.0 = Release|Any CPU
		{A94AAF8D-96AF-4B1A-A91B-96A3C660B53A}.Debug|Any CPU.ActiveCfg = Debug|Any CPU
		{A94AAF8D-96AF-4B1A-A91B-96A3C660B53A}.Debug|Any CPU.Build.0 = Debug|Any CPU
		{A94AAF8D-96AF-4B1A-A91B-96A3C660B53A}.Release|Any CPU.ActiveCfg = Release|Any CPU
		{A94AAF8D-96AF-4B1A-A91B-96A3C660B53A}.Release|Any CPU.Build.0 = Release|Any CPU
		{E7F30509-3C95-4FD3-8514-30F38357202C}.Debug|Any CPU.ActiveCfg = Debug|Any CPU
		{E7F30509-3C95-4FD3-8514-30F38357202C}.Debug|Any CPU.Build.0 = Debug|Any CPU
		{E7F30509-3C95-4FD3-8514-30F38357202C}.Release|Any CPU.ActiveCfg = Release|Any CPU
		{E7F30509-3C95-4FD3-8514-30F38357202C}.Release|Any CPU.Build.0 = Release|Any CPU
		{E8F87104-36DD-41D3-BBD7-91C6D2BE1450}.Debug|Any CPU.ActiveCfg = Debug|Any CPU
		{E8F87104-36DD-41D3-BBD7-91C6D2BE1450}.Debug|Any CPU.Build.0 = Debug|Any CPU
		{E8F87104-36DD-41D3-BBD7-91C6D2BE1450}.Release|Any CPU.ActiveCfg = Release|Any CPU
		{E8F87104-36DD-41D3-BBD7-91C6D2BE1450}.Release|Any CPU.Build.0 = Release|Any CPU
		{9602B92B-2B40-4EF4-875F-FCDC9D1AFCF5}.Debug|Any CPU.ActiveCfg = Debug|Any CPU
		{9602B92B-2B40-4EF4-875F-FCDC9D1AFCF5}.Debug|Any CPU.Build.0 = Debug|Any CPU
		{9602B92B-2B40-4EF4-875F-FCDC9D1AFCF5}.Release|Any CPU.ActiveCfg = Release|Any CPU
		{9602B92B-2B40-4EF4-875F-FCDC9D1AFCF5}.Release|Any CPU.Build.0 = Release|Any CPU
		{74748F06-8B68-468A-BF22-F5C74E9F95E6}.Debug|Any CPU.ActiveCfg = Debug|Any CPU
		{74748F06-8B68-468A-BF22-F5C74E9F95E6}.Debug|Any CPU.Build.0 = Debug|Any CPU
		{74748F06-8B68-468A-BF22-F5C74E9F95E6}.Release|Any CPU.ActiveCfg = Release|Any CPU
		{74748F06-8B68-468A-BF22-F5C74E9F95E6}.Release|Any CPU.Build.0 = Release|Any CPU
		{00EBBD93-640B-41E9-AFE0-7999B4D8A050}.Debug|Any CPU.ActiveCfg = Debug|Any CPU
		{00EBBD93-640B-41E9-AFE0-7999B4D8A050}.Debug|Any CPU.Build.0 = Debug|Any CPU
		{00EBBD93-640B-41E9-AFE0-7999B4D8A050}.Release|Any CPU.ActiveCfg = Release|Any CPU
		{00EBBD93-640B-41E9-AFE0-7999B4D8A050}.Release|Any CPU.Build.0 = Release|Any CPU
		{B17B3F6F-3FA3-405B-8B82-280CFE37321A}.Debug|Any CPU.ActiveCfg = Debug|Any CPU
		{B17B3F6F-3FA3-405B-8B82-280CFE37321A}.Debug|Any CPU.Build.0 = Debug|Any CPU
		{B17B3F6F-3FA3-405B-8B82-280CFE37321A}.Release|Any CPU.ActiveCfg = Release|Any CPU
		{B17B3F6F-3FA3-405B-8B82-280CFE37321A}.Release|Any CPU.Build.0 = Release|Any CPU
		{4E37660B-A152-4AF9-9F44-E2E331B17F25}.Debug|Any CPU.ActiveCfg = Debug|Any CPU
		{4E37660B-A152-4AF9-9F44-E2E331B17F25}.Debug|Any CPU.Build.0 = Debug|Any CPU
		{4E37660B-A152-4AF9-9F44-E2E331B17F25}.Release|Any CPU.ActiveCfg = Release|Any CPU
		{4E37660B-A152-4AF9-9F44-E2E331B17F25}.Release|Any CPU.Build.0 = Release|Any CPU
		{63C6F639-7AC9-4C5D-ABFA-53D27C2B5C36}.Debug|Any CPU.ActiveCfg = Debug|Any CPU
		{63C6F639-7AC9-4C5D-ABFA-53D27C2B5C36}.Debug|Any CPU.Build.0 = Debug|Any CPU
		{63C6F639-7AC9-4C5D-ABFA-53D27C2B5C36}.Release|Any CPU.ActiveCfg = Release|Any CPU
		{63C6F639-7AC9-4C5D-ABFA-53D27C2B5C36}.Release|Any CPU.Build.0 = Release|Any CPU
	EndGlobalSection
	GlobalSection(SolutionProperties) = preSolution
		HideSolutionNode = FALSE
	EndGlobalSection
	GlobalSection(NestedProjects) = preSolution
		{956941B6-2A59-4521-83D0-11AD2B97016A} = {DE6EBB5E-42E1-4F8D-A98E-AFCED15EA613}
		{A94AAF8D-96AF-4B1A-A91B-96A3C660B53A} = {DE6EBB5E-42E1-4F8D-A98E-AFCED15EA613}
		{E7F30509-3C95-4FD3-8514-30F38357202C} = {DE6EBB5E-42E1-4F8D-A98E-AFCED15EA613}
		{E8F87104-36DD-41D3-BBD7-91C6D2BE1450} = {DE6EBB5E-42E1-4F8D-A98E-AFCED15EA613}
		{9602B92B-2B40-4EF4-875F-FCDC9D1AFCF5} = {DE6EBB5E-42E1-4F8D-A98E-AFCED15EA613}
		{00EBBD93-640B-41E9-AFE0-7999B4D8A050} = {3BF07A98-D208-4519-B8BA-5334B78E4879}
		{B17B3F6F-3FA3-405B-8B82-280CFE37321A} = {3BF07A98-D208-4519-B8BA-5334B78E4879}
		{4E37660B-A152-4AF9-9F44-E2E331B17F25} = {3BF07A98-D208-4519-B8BA-5334B78E4879}
		{63C6F639-7AC9-4C5D-ABFA-53D27C2B5C36} = {3BF07A98-D208-4519-B8BA-5334B78E4879}
	EndGlobalSection
	GlobalSection(ExtensibilityGlobals) = postSolution
		SolutionGuid = {2A650330-4FD3-44AA-A400-3F4EB21903E4}
	EndGlobalSection
EndGlobal
